// !$*UTF8*$!
{
	archiveVersion = 1;
	classes = {
	};
	objectVersion = 50;
	objects = {

/* Begin PBXBuildFile section */
		6F35F2CA23285F530058D984 /* OnBoarding.storyboard in Resources */ = {isa = PBXBuildFile; fileRef = 6F35F2C923285F530058D984 /* OnBoarding.storyboard */; };
		6F609B8D232BC75400216497 /* OnboardingContentViewController.swift in Sources */ = {isa = PBXBuildFile; fileRef = 6F609B8C232BC75400216497 /* OnboardingContentViewController.swift */; };
		6F609B8F232BC95700216497 /* OnboardingPageViewController.swift in Sources */ = {isa = PBXBuildFile; fileRef = 6F609B8E232BC95700216497 /* OnboardingPageViewController.swift */; };
		6F609B91232BD24600216497 /* OnboardingViewController.swift in Sources */ = {isa = PBXBuildFile; fileRef = 6F609B90232BD24600216497 /* OnboardingViewController.swift */; };
		6FA57541232769A900B687CF /* AppDelegate.swift in Sources */ = {isa = PBXBuildFile; fileRef = 6FA57540232769A900B687CF /* AppDelegate.swift */; };
		6FA57543232769A900B687CF /* ViewController.swift in Sources */ = {isa = PBXBuildFile; fileRef = 6FA57542232769A900B687CF /* ViewController.swift */; };
		6FA57546232769A900B687CF /* Main.storyboard in Resources */ = {isa = PBXBuildFile; fileRef = 6FA57544232769A900B687CF /* Main.storyboard */; };
		6FA57548232769AA00B687CF /* Assets.xcassets in Resources */ = {isa = PBXBuildFile; fileRef = 6FA57547232769AA00B687CF /* Assets.xcassets */; };
		6FA5754B232769AA00B687CF /* LaunchScreen.storyboard in Resources */ = {isa = PBXBuildFile; fileRef = 6FA57549232769AA00B687CF /* LaunchScreen.storyboard */; };
		6FB4518223293E3600D84091 /* Nunito-ExtraLight.ttf in Resources */ = {isa = PBXBuildFile; fileRef = 6FB4518123293E3600D84091 /* Nunito-ExtraLight.ttf */; };
		6FB4518423293E4300D84091 /* Nunito-Regular.ttf in Resources */ = {isa = PBXBuildFile; fileRef = 6FB4518323293E3E00D84091 /* Nunito-Regular.ttf */; };
		6FB4518623293E5800D84091 /* Nunito-Light.ttf in Resources */ = {isa = PBXBuildFile; fileRef = 6FB4518523293E5800D84091 /* Nunito-Light.ttf */; };
/* End PBXBuildFile section */

/* Begin PBXFileReference section */
		6F35F2C923285F530058D984 /* OnBoarding.storyboard */ = {isa = PBXFileReference; lastKnownFileType = file.storyboard; path = OnBoarding.storyboard; sourceTree = "<group>"; };
		6F609B8C232BC75400216497 /* OnboardingContentViewController.swift */ = {isa = PBXFileReference; lastKnownFileType = sourcecode.swift; path = OnboardingContentViewController.swift; sourceTree = "<group>"; };
		6F609B8E232BC95700216497 /* OnboardingPageViewController.swift */ = {isa = PBXFileReference; lastKnownFileType = sourcecode.swift; path = OnboardingPageViewController.swift; sourceTree = "<group>"; };
		6F609B90232BD24600216497 /* OnboardingViewController.swift */ = {isa = PBXFileReference; lastKnownFileType = sourcecode.swift; path = OnboardingViewController.swift; sourceTree = "<group>"; };
		6FA5753D232769A900B687CF /* GroceryApp.app */ = {isa = PBXFileReference; explicitFileType = wrapper.application; includeInIndex = 0; path = GroceryApp.app; sourceTree = BUILT_PRODUCTS_DIR; };
		6FA57540232769A900B687CF /* AppDelegate.swift */ = {isa = PBXFileReference; lastKnownFileType = sourcecode.swift; path = AppDelegate.swift; sourceTree = "<group>"; };
		6FA57542232769A900B687CF /* ViewController.swift */ = {isa = PBXFileReference; lastKnownFileType = sourcecode.swift; path = ViewController.swift; sourceTree = "<group>"; };
		6FA57545232769A900B687CF /* Base */ = {isa = PBXFileReference; lastKnownFileType = file.storyboard; name = Base; path = Base.lproj/Main.storyboard; sourceTree = "<group>"; };
		6FA57547232769AA00B687CF /* Assets.xcassets */ = {isa = PBXFileReference; lastKnownFileType = folder.assetcatalog; path = Assets.xcassets; sourceTree = "<group>"; };
		6FA5754A232769AA00B687CF /* Base */ = {isa = PBXFileReference; lastKnownFileType = file.storyboard; name = Base; path = Base.lproj/LaunchScreen.storyboard; sourceTree = "<group>"; };
		6FA5754C232769AA00B687CF /* Info.plist */ = {isa = PBXFileReference; lastKnownFileType = text.plist.xml; path = Info.plist; sourceTree = "<group>"; };
		6FB4518123293E3600D84091 /* Nunito-ExtraLight.ttf */ = {isa = PBXFileReference; lastKnownFileType = file; path = "Nunito-ExtraLight.ttf"; sourceTree = "<group>"; };
		6FB4518323293E3E00D84091 /* Nunito-Regular.ttf */ = {isa = PBXFileReference; lastKnownFileType = file; path = "Nunito-Regular.ttf"; sourceTree = "<group>"; };
		6FB4518523293E5800D84091 /* Nunito-Light.ttf */ = {isa = PBXFileReference; lastKnownFileType = file; path = "Nunito-Light.ttf"; sourceTree = "<group>"; };
/* End PBXFileReference section */

/* Begin PBXFrameworksBuildPhase section */
		6FA5753A232769A900B687CF /* Frameworks */ = {
			isa = PBXFrameworksBuildPhase;
			buildActionMask = 2147483647;
			files = (
			);
			runOnlyForDeploymentPostprocessing = 0;
		};
/* End PBXFrameworksBuildPhase section */

/* Begin PBXGroup section */
		6FA57534232769A900B687CF = {
			isa = PBXGroup;
			children = (
				6FB4518023293E1F00D84091 /* fonts */,
				6FA5753F232769A900B687CF /* GroceryApp */,
				6FA5753E232769A900B687CF /* Products */,
			);
			sourceTree = "<group>";
		};
		6FA5753E232769A900B687CF /* Products */ = {
			isa = PBXGroup;
			children = (
				6FA5753D232769A900B687CF /* GroceryApp.app */,
			);
			name = Products;
			sourceTree = "<group>";
		};
		6FA5753F232769A900B687CF /* GroceryApp */ = {
			isa = PBXGroup;
			children = (
				6FA57540232769A900B687CF /* AppDelegate.swift */,
				6FA57542232769A900B687CF /* ViewController.swift */,
				6FA57544232769A900B687CF /* Main.storyboard */,
				6F35F2C923285F530058D984 /* OnBoarding.storyboard */,
				6FA57547232769AA00B687CF /* Assets.xcassets */,
				6FA57549232769AA00B687CF /* LaunchScreen.storyboard */,
				6FA5754C232769AA00B687CF /* Info.plist */,
				6F609B8C232BC75400216497 /* OnboardingContentViewController.swift */,
				6F609B8E232BC95700216497 /* OnboardingPageViewController.swift */,
				6F609B90232BD24600216497 /* OnboardingViewController.swift */,
			);
			path = GroceryApp;
			sourceTree = "<group>";
		};
		6FB4518023293E1F00D84091 /* fonts */ = {
			isa = PBXGroup;
			children = (
				6FB4518523293E5800D84091 /* Nunito-Light.ttf */,
				6FB4518323293E3E00D84091 /* Nunito-Regular.ttf */,
				6FB4518123293E3600D84091 /* Nunito-ExtraLight.ttf */,
			);
			path = fonts;
			sourceTree = "<group>";
		};
/* End PBXGroup section */

/* Begin PBXNativeTarget section */
		6FA5753C232769A900B687CF /* GroceryApp */ = {
			isa = PBXNativeTarget;
			buildConfigurationList = 6FA5754F232769AA00B687CF /* Build configuration list for PBXNativeTarget "GroceryApp" */;
			buildPhases = (
				6FA57539232769A900B687CF /* Sources */,
				6FA5753A232769A900B687CF /* Frameworks */,
				6FA5753B232769A900B687CF /* Resources */,
			);
			buildRules = (
			);
			dependencies = (
			);
			name = GroceryApp;
			productName = GroceryApp;
			productReference = 6FA5753D232769A900B687CF /* GroceryApp.app */;
			productType = "com.apple.product-type.application";
		};
/* End PBXNativeTarget section */

/* Begin PBXProject section */
		6FA57535232769A900B687CF /* Project object */ = {
			isa = PBXProject;
			attributes = {
				LastSwiftUpdateCheck = 1030;
				LastUpgradeCheck = 1030;
				ORGANIZATIONNAME = "Utsav Dave";
				TargetAttributes = {
					6FA5753C232769A900B687CF = {
						CreatedOnToolsVersion = 10.3;
					};
				};
			};
			buildConfigurationList = 6FA57538232769A900B687CF /* Build configuration list for PBXProject "GroceryApp" */;
			compatibilityVersion = "Xcode 9.3";
			developmentRegion = en;
			hasScannedForEncodings = 0;
			knownRegions = (
				en,
				Base,
			);
			mainGroup = 6FA57534232769A900B687CF;
			productRefGroup = 6FA5753E232769A900B687CF /* Products */;
			projectDirPath = "";
			projectRoot = "";
			targets = (
				6FA5753C232769A900B687CF /* GroceryApp */,
			);
		};
/* End PBXProject section */

/* Begin PBXResourcesBuildPhase section */
		6FA5753B232769A900B687CF /* Resources */ = {
			isa = PBXResourcesBuildPhase;
			buildActionMask = 2147483647;
			files = (
				6FB4518423293E4300D84091 /* Nunito-Regular.ttf in Resources */,
				6FB4518623293E5800D84091 /* Nunito-Light.ttf in Resources */,
				6FA5754B232769AA00B687CF /* LaunchScreen.storyboard in Resources */,
				6FA57548232769AA00B687CF /* Assets.xcassets in Resources */,
				6FA57546232769A900B687CF /* Main.storyboard in Resources */,
				6F35F2CA23285F530058D984 /* OnBoarding.storyboard in Resources */,
				6FB4518223293E3600D84091 /* Nunito-ExtraLight.ttf in Resources */,
			);
			runOnlyForDeploymentPostprocessing = 0;
		};
/* End PBXResourcesBuildPhase section */

/* Begin PBXSourcesBuildPhase section */
		6FA57539232769A900B687CF /* Sources */ = {
			isa = PBXSourcesBuildPhase;
			buildActionMask = 2147483647;
			files = (
				6F609B8F232BC95700216497 /* OnboardingPageViewController.swift in Sources */,
				6FA57543232769A900B687CF /* ViewController.swift in Sources */,
				6F609B91232BD24600216497 /* OnboardingViewController.swift in Sources */,
				6F609B8D232BC75400216497 /* OnboardingContentViewController.swift in Sources */,
				6FA57541232769A900B687CF /* AppDelegate.swift in Sources */,
			);
			runOnlyForDeploymentPostprocessing = 0;
		};
/* End PBXSourcesBuildPhase section */

/* Begin PBXVariantGroup section */
		6FA57544232769A900B687CF /* Main.storyboard */ = {
			isa = PBXVariantGroup;
			children = (
				6FA57545232769A900B687CF /* Base */,
			);
			name = Main.storyboard;
			sourceTree = "<group>";
		};
		6FA57549232769AA00B687CF /* LaunchScreen.storyboard */ = {
			isa = PBXVariantGroup;
			children = (
				6FA5754A232769AA00B687CF /* Base */,
			);
			name = LaunchScreen.storyboard;
			sourceTree = "<group>";
		};
/* End PBXVariantGroup section */

/* Begin XCBuildConfiguration section */
		6FA5754D232769AA00B687CF /* Debug */ = {
			isa = XCBuildConfiguration;
			buildSettings = {
				ALWAYS_SEARCH_USER_PATHS = NO;
				CLANG_ANALYZER_NONNULL = YES;
				CLANG_ANALYZER_NUMBER_OBJECT_CONVERSION = YES_AGGRESSIVE;
				CLANG_CXX_LANGUAGE_STANDARD = "gnu++14";
				CLANG_CXX_LIBRARY = "libc++";
				CLANG_ENABLE_MODULES = YES;
				CLANG_ENABLE_OBJC_ARC = YES;
				CLANG_ENABLE_OBJC_WEAK = YES;
				CLANG_WARN_BLOCK_CAPTURE_AUTORELEASING = YES;
				CLANG_WARN_BOOL_CONVERSION = YES;
				CLANG_WARN_COMMA = YES;
				CLANG_WARN_CONSTANT_CONVERSION = YES;
				CLANG_WARN_DEPRECATED_OBJC_IMPLEMENTATIONS = YES;
				CLANG_WARN_DIRECT_OBJC_ISA_USAGE = YES_ERROR;
				CLANG_WARN_DOCUMENTATION_COMMENTS = YES;
				CLANG_WARN_EMPTY_BODY = YES;
				CLANG_WARN_ENUM_CONVERSION = YES;
				CLANG_WARN_INFINITE_RECURSION = YES;
				CLANG_WARN_INT_CONVERSION = YES;
				CLANG_WARN_NON_LITERAL_NULL_CONVERSION = YES;
				CLANG_WARN_OBJC_IMPLICIT_RETAIN_SELF = YES;
				CLANG_WARN_OBJC_LITERAL_CONVERSION = YES;
				CLANG_WARN_OBJC_ROOT_CLASS = YES_ERROR;
				CLANG_WARN_RANGE_LOOP_ANALYSIS = YES;
				CLANG_WARN_STRICT_PROTOTYPES = YES;
				CLANG_WARN_SUSPICIOUS_MOVE = YES;
				CLANG_WARN_UNGUARDED_AVAILABILITY = YES_AGGRESSIVE;
				CLANG_WARN_UNREACHABLE_CODE = YES;
				CLANG_WARN__DUPLICATE_METHOD_MATCH = YES;
				CODE_SIGN_IDENTITY = "iPhone Developer";
				COPY_PHASE_STRIP = NO;
				DEBUG_INFORMATION_FORMAT = dwarf;
				ENABLE_STRICT_OBJC_MSGSEND = YES;
				ENABLE_TESTABILITY = YES;
				GCC_C_LANGUAGE_STANDARD = gnu11;
				GCC_DYNAMIC_NO_PIC = NO;
				GCC_NO_COMMON_BLOCKS = YES;
				GCC_OPTIMIZATION_LEVEL = 0;
				GCC_PREPROCESSOR_DEFINITIONS = (
					"DEBUG=1",
					"$(inherited)",
				);
				GCC_WARN_64_TO_32_BIT_CONVERSION = YES;
				GCC_WARN_ABOUT_RETURN_TYPE = YES_ERROR;
				GCC_WARN_UNDECLARED_SELECTOR = YES;
				GCC_WARN_UNINITIALIZED_AUTOS = YES_AGGRESSIVE;
				GCC_WARN_UNUSED_FUNCTION = YES;
				GCC_WARN_UNUSED_VARIABLE = YES;
				IPHONEOS_DEPLOYMENT_TARGET = 12.4;
				MTL_ENABLE_DEBUG_INFO = INCLUDE_SOURCE;
				MTL_FAST_MATH = YES;
				ONLY_ACTIVE_ARCH = YES;
				SDKROOT = iphoneos;
				SWIFT_ACTIVE_COMPILATION_CONDITIONS = DEBUG;
				SWIFT_OPTIMIZATION_LEVEL = "-Onone";
			};
			name = Debug;
		};
		6FA5754E232769AA00B687CF /* Release */ = {
			isa = XCBuildConfiguration;
			buildSettings = {
				ALWAYS_SEARCH_USER_PATHS = NO;
				CLANG_ANALYZER_NONNULL = YES;
				CLANG_ANALYZER_NUMBER_OBJECT_CONVERSION = YES_AGGRESSIVE;
				CLANG_CXX_LANGUAGE_STANDARD = "gnu++14";
				CLANG_CXX_LIBRARY = "libc++";
				CLANG_ENABLE_MODULES = YES;
				CLANG_ENABLE_OBJC_ARC = YES;
				CLANG_ENABLE_OBJC_WEAK = YES;
				CLANG_WARN_BLOCK_CAPTURE_AUTORELEASING = YES;
				CLANG_WARN_BOOL_CONVERSION = YES;
				CLANG_WARN_COMMA = YES;
				CLANG_WARN_CONSTANT_CONVERSION = YES;
				CLANG_WARN_DEPRECATED_OBJC_IMPLEMENTATIONS = YES;
				CLANG_WARN_DIRECT_OBJC_ISA_USAGE = YES_ERROR;
				CLANG_WARN_DOCUMENTATION_COMMENTS = YES;
				CLANG_WARN_EMPTY_BODY = YES;
				CLANG_WARN_ENUM_CONVERSION = YES;
				CLANG_WARN_INFINITE_RECURSION = YES;
				CLANG_WARN_INT_CONVERSION = YES;
				CLANG_WARN_NON_LITERAL_NULL_CONVERSION = YES;
				CLANG_WARN_OBJC_IMPLICIT_RETAIN_SELF = YES;
				CLANG_WARN_OBJC_LITERAL_CONVERSION = YES;
				CLANG_WARN_OBJC_ROOT_CLASS = YES_ERROR;
				CLANG_WARN_RANGE_LOOP_ANALYSIS = YES;
				CLANG_WARN_STRICT_PROTOTYPES = YES;
				CLANG_WARN_SUSPICIOUS_MOVE = YES;
				CLANG_WARN_UNGUARDED_AVAILABILITY = YES_AGGRESSIVE;
				CLANG_WARN_UNREACHABLE_CODE = YES;
				CLANG_WARN__DUPLICATE_METHOD_MATCH = YES;
				CODE_SIGN_IDENTITY = "iPhone Developer";
				COPY_PHASE_STRIP = NO;
				DEBUG_INFORMATION_FORMAT = "dwarf-with-dsym";
				ENABLE_NS_ASSERTIONS = NO;
				ENABLE_STRICT_OBJC_MSGSEND = YES;
				GCC_C_LANGUAGE_STANDARD = gnu11;
				GCC_NO_COMMON_BLOCKS = YES;
				GCC_WARN_64_TO_32_BIT_CONVERSION = YES;
				GCC_WARN_ABOUT_RETURN_TYPE = YES_ERROR;
				GCC_WARN_UNDECLARED_SELECTOR = YES;
				GCC_WARN_UNINITIALIZED_AUTOS = YES_AGGRESSIVE;
				GCC_WARN_UNUSED_FUNCTION = YES;
				GCC_WARN_UNUSED_VARIABLE = YES;
				IPHONEOS_DEPLOYMENT_TARGET = 12.4;
				MTL_ENABLE_DEBUG_INFO = NO;
				MTL_FAST_MATH = YES;
				SDKROOT = iphoneos;
				SWIFT_COMPILATION_MODE = wholemodule;
				SWIFT_OPTIMIZATION_LEVEL = "-O";
				VALIDATE_PRODUCT = YES;
			};
			name = Release;
		};
		6FA57550232769AA00B687CF /* Debug */ = {
			isa = XCBuildConfiguration;
			buildSettings = {
				ASSETCATALOG_COMPILER_APPICON_NAME = AppIcon;
				CODE_SIGN_STYLE = Automatic;
				DEVELOPMENT_TEAM = 5TQX3KZ655;
				INFOPLIST_FILE = GroceryApp/Info.plist;
				LD_RUNPATH_SEARCH_PATHS = (
					"$(inherited)",
					"@executable_path/Frameworks",
				);
				PRODUCT_BUNDLE_IDENTIFIER = ca.stclaircollege.utsavdave.GroceryApp;
				PRODUCT_NAME = "$(TARGET_NAME)";
				SWIFT_VERSION = 5.0;
				TARGETED_DEVICE_FAMILY = "1,2";
			};
			name = Debug;
		};
		6FA57551232769AA00B687CF /* Release */ = {
			isa = XCBuildConfiguration;
			buildSettings = {
				ASSETCATALOG_COMPILER_APPICON_NAME = AppIcon;
				CODE_SIGN_STYLE = Automatic;
				DEVELOPMENT_TEAM = 5TQX3KZ655;
				INFOPLIST_FILE = GroceryApp/Info.plist;
				LD_RUNPATH_SEARCH_PATHS = (
					"$(inherited)",
					"@executable_path/Frameworks",
				);
				PRODUCT_BUNDLE_IDENTIFIER = ca.stclaircollege.utsavdave.GroceryApp;
				PRODUCT_NAME = "$(TARGET_NAME)";
				SWIFT_VERSION = 5.0;
				TARGETED_DEVICE_FAMILY = "1,2";
			};
			name = Release;
		};
/* End XCBuildConfiguration section */

/* Begin XCConfigurationList section */
		6FA57538232769A900B687CF /* Build configuration list for PBXProject "GroceryApp" */ = {
			isa = XCConfigurationList;
			buildConfigurations = (
				6FA5754D232769AA00B687CF /* Debug */,
				6FA5754E232769AA00B687CF /* Release */,
			);
			defaultConfigurationIsVisible = 0;
			defaultConfigurationName = Release;
		};
		6FA5754F232769AA00B687CF /* Build configuration list for PBXNativeTarget "GroceryApp" */ = {
			isa = XCConfigurationList;
			buildConfigurations = (
				6FA57550232769AA00B687CF /* Debug */,
				6FA57551232769AA00B687CF /* Release */,
			);
			defaultConfigurationIsVisible = 0;
			defaultConfigurationName = Release;
		};
/* End XCConfigurationList section */
	};
	rootObject = 6FA57535232769A900B687CF /* Project object */;
}
