// !$*UTF8*$!
{
	archiveVersion = 1;
	classes = {
	};
	objectVersion = 51;
	objects = {

/* Begin PBXBuildFile section */
		4C767EA341C5320BD62CAFD4 /* Pods_GroceryApp.framework in Frameworks */ = {isa = PBXBuildFile; fileRef = CDD5CA7C60128ADA424C5B59 /* Pods_GroceryApp.framework */; };
		6F11A3252346D4CD00D7CCF9 /* CategoryCollectionViewCell.swift in Sources */ = {isa = PBXBuildFile; fileRef = 6F11A3242346D4CD00D7CCF9 /* CategoryCollectionViewCell.swift */; };
		6F1A3A592353835600F10722 /* API.swift in Sources */ = {isa = PBXBuildFile; fileRef = 6F1A3A582353835600F10722 /* API.swift */; };
		6F1FFBE0233C68F4008744D8 /* Constants.swift in Sources */ = {isa = PBXBuildFile; fileRef = 6F1FFBDF233C68F4008744D8 /* Constants.swift */; };
		6F35F2CA23285F530058D984 /* OnBoarding.storyboard in Resources */ = {isa = PBXBuildFile; fileRef = 6F35F2C923285F530058D984 /* OnBoarding.storyboard */; };
		6F609B8D232BC75400216497 /* OnboardingContentViewController.swift in Sources */ = {isa = PBXBuildFile; fileRef = 6F609B8C232BC75400216497 /* OnboardingContentViewController.swift */; };
		6F609B8F232BC95700216497 /* OnboardingPageViewController.swift in Sources */ = {isa = PBXBuildFile; fileRef = 6F609B8E232BC95700216497 /* OnboardingPageViewController.swift */; };
		6F609B91232BD24600216497 /* OnboardingViewController.swift in Sources */ = {isa = PBXBuildFile; fileRef = 6F609B90232BD24600216497 /* OnboardingViewController.swift */; };
		6F653F8C2359E67D007675B2 /* ProductsTableViewController.swift in Sources */ = {isa = PBXBuildFile; fileRef = 6F653F8B2359E67D007675B2 /* ProductsTableViewController.swift */; };
		6F653F8E2359E796007675B2 /* ProductTableViewCell.swift in Sources */ = {isa = PBXBuildFile; fileRef = 6F653F8D2359E796007675B2 /* ProductTableViewCell.swift */; };
		6F88C64B235A286C00E51E52 /* ProductDetailViewController.swift in Sources */ = {isa = PBXBuildFile; fileRef = 6F88C64A235A286C00E51E52 /* ProductDetailViewController.swift */; };
		6F8C922C232EE004001985D8 /* LoginViewController.swift in Sources */ = {isa = PBXBuildFile; fileRef = 6F8C922B232EE004001985D8 /* LoginViewController.swift */; };
		6F8C922E232EE00F001985D8 /* RegistrationViewController.swift in Sources */ = {isa = PBXBuildFile; fileRef = 6F8C922D232EE00F001985D8 /* RegistrationViewController.swift */; };
		6F8C9230232EE783001985D8 /* ForgotPasswordViewController.swift in Sources */ = {isa = PBXBuildFile; fileRef = 6F8C922F232EE783001985D8 /* ForgotPasswordViewController.swift */; };
		6F8C9233232EF5D5001985D8 /* FormValidation.swift in Sources */ = {isa = PBXBuildFile; fileRef = 6F8C9232232EF5D5001985D8 /* FormValidation.swift */; };
		6F93DF77234423C20096B0C6 /* Category.swift in Sources */ = {isa = PBXBuildFile; fileRef = 6F93DF76234423C20096B0C6 /* Category.swift */; };
		6F93DF79234423CB0096B0C6 /* Product.swift in Sources */ = {isa = PBXBuildFile; fileRef = 6F93DF78234423CB0096B0C6 /* Product.swift */; };
		6FA57541232769A900B687CF /* AppDelegate.swift in Sources */ = {isa = PBXBuildFile; fileRef = 6FA57540232769A900B687CF /* AppDelegate.swift */; };
		6FA57543232769A900B687CF /* HomeViewController.swift in Sources */ = {isa = PBXBuildFile; fileRef = 6FA57542232769A900B687CF /* HomeViewController.swift */; };
		6FA57546232769A900B687CF /* Main.storyboard in Resources */ = {isa = PBXBuildFile; fileRef = 6FA57544232769A900B687CF /* Main.storyboard */; };
		6FA57548232769AA00B687CF /* Assets.xcassets in Resources */ = {isa = PBXBuildFile; fileRef = 6FA57547232769AA00B687CF /* Assets.xcassets */; };
		6FA5754B232769AA00B687CF /* LaunchScreen.storyboard in Resources */ = {isa = PBXBuildFile; fileRef = 6FA57549232769AA00B687CF /* LaunchScreen.storyboard */; };
		6FB4518223293E3600D84091 /* Nunito-ExtraLight.ttf in Resources */ = {isa = PBXBuildFile; fileRef = 6FB4518123293E3600D84091 /* Nunito-ExtraLight.ttf */; };
		6FB4518423293E4300D84091 /* Nunito-Regular.ttf in Resources */ = {isa = PBXBuildFile; fileRef = 6FB4518323293E3E00D84091 /* Nunito-Regular.ttf */; };
		6FB4518623293E5800D84091 /* Nunito-Light.ttf in Resources */ = {isa = PBXBuildFile; fileRef = 6FB4518523293E5800D84091 /* Nunito-Light.ttf */; };
		6FC27A8C232FC85B00EA9E86 /* GoogleService-Info.plist in Resources */ = {isa = PBXBuildFile; fileRef = 6FC27A8B232FC85B00EA9E86 /* GoogleService-Info.plist */; };
		6FDBC39C233E97A800B71DFE /* CustomizedTabBar.swift in Sources */ = {isa = PBXBuildFile; fileRef = 6FDBC39B233E97A800B71DFE /* CustomizedTabBar.swift */; };
		6FED8CED234256DA008E689A /* CategoryViewController.swift in Sources */ = {isa = PBXBuildFile; fileRef = 6FED8CEC234256DA008E689A /* CategoryViewController.swift */; };
		6FED8CEF234256E8008E689A /* ProfileViewController.swift in Sources */ = {isa = PBXBuildFile; fileRef = 6FED8CEE234256E8008E689A /* ProfileViewController.swift */; };
/* End PBXBuildFile section */

/* Begin PBXFileReference section */
		2CFF23D75CF702E56FD7658A /* Pods-GroceryApp.release.xcconfig */ = {isa = PBXFileReference; includeInIndex = 1; lastKnownFileType = text.xcconfig; name = "Pods-GroceryApp.release.xcconfig"; path = "Target Support Files/Pods-GroceryApp/Pods-GroceryApp.release.xcconfig"; sourceTree = "<group>"; };
		6F11A3242346D4CD00D7CCF9 /* CategoryCollectionViewCell.swift */ = {isa = PBXFileReference; lastKnownFileType = sourcecode.swift; path = CategoryCollectionViewCell.swift; sourceTree = "<group>"; };
		6F1A3A582353835600F10722 /* API.swift */ = {isa = PBXFileReference; lastKnownFileType = sourcecode.swift; path = API.swift; sourceTree = "<group>"; };
		6F1FFBDF233C68F4008744D8 /* Constants.swift */ = {isa = PBXFileReference; lastKnownFileType = sourcecode.swift; path = Constants.swift; sourceTree = "<group>"; };
		6F35F2C923285F530058D984 /* OnBoarding.storyboard */ = {isa = PBXFileReference; lastKnownFileType = file.storyboard; path = OnBoarding.storyboard; sourceTree = "<group>"; };
		6F609B8C232BC75400216497 /* OnboardingContentViewController.swift */ = {isa = PBXFileReference; lastKnownFileType = sourcecode.swift; path = OnboardingContentViewController.swift; sourceTree = "<group>"; };
		6F609B8E232BC95700216497 /* OnboardingPageViewController.swift */ = {isa = PBXFileReference; lastKnownFileType = sourcecode.swift; path = OnboardingPageViewController.swift; sourceTree = "<group>"; };
		6F609B90232BD24600216497 /* OnboardingViewController.swift */ = {isa = PBXFileReference; lastKnownFileType = sourcecode.swift; path = OnboardingViewController.swift; sourceTree = "<group>"; };
		6F653F8B2359E67D007675B2 /* ProductsTableViewController.swift */ = {isa = PBXFileReference; lastKnownFileType = sourcecode.swift; path = ProductsTableViewController.swift; sourceTree = "<group>"; };
		6F653F8D2359E796007675B2 /* ProductTableViewCell.swift */ = {isa = PBXFileReference; lastKnownFileType = sourcecode.swift; path = ProductTableViewCell.swift; sourceTree = "<group>"; };
		6F88C64A235A286C00E51E52 /* ProductDetailViewController.swift */ = {isa = PBXFileReference; lastKnownFileType = sourcecode.swift; path = ProductDetailViewController.swift; sourceTree = "<group>"; };
		6F8C922B232EE004001985D8 /* LoginViewController.swift */ = {isa = PBXFileReference; lastKnownFileType = sourcecode.swift; path = LoginViewController.swift; sourceTree = "<group>"; };
		6F8C922D232EE00F001985D8 /* RegistrationViewController.swift */ = {isa = PBXFileReference; lastKnownFileType = sourcecode.swift; path = RegistrationViewController.swift; sourceTree = "<group>"; };
		6F8C922F232EE783001985D8 /* ForgotPasswordViewController.swift */ = {isa = PBXFileReference; lastKnownFileType = sourcecode.swift; path = ForgotPasswordViewController.swift; sourceTree = "<group>"; };
		6F8C9232232EF5D5001985D8 /* FormValidation.swift */ = {isa = PBXFileReference; lastKnownFileType = sourcecode.swift; path = FormValidation.swift; sourceTree = "<group>"; };
		6F93DF76234423C20096B0C6 /* Category.swift */ = {isa = PBXFileReference; lastKnownFileType = sourcecode.swift; path = Category.swift; sourceTree = "<group>"; };
		6F93DF78234423CB0096B0C6 /* Product.swift */ = {isa = PBXFileReference; lastKnownFileType = sourcecode.swift; path = Product.swift; sourceTree = "<group>"; };
		6FA5753D232769A900B687CF /* GroceryApp.app */ = {isa = PBXFileReference; explicitFileType = wrapper.application; includeInIndex = 0; path = GroceryApp.app; sourceTree = BUILT_PRODUCTS_DIR; };
		6FA57540232769A900B687CF /* AppDelegate.swift */ = {isa = PBXFileReference; lastKnownFileType = sourcecode.swift; path = AppDelegate.swift; sourceTree = "<group>"; };
		6FA57542232769A900B687CF /* HomeViewController.swift */ = {isa = PBXFileReference; lastKnownFileType = sourcecode.swift; path = HomeViewController.swift; sourceTree = "<group>"; };
		6FA57545232769A900B687CF /* Base */ = {isa = PBXFileReference; lastKnownFileType = file.storyboard; name = Base; path = Base.lproj/Main.storyboard; sourceTree = "<group>"; };
		6FA57547232769AA00B687CF /* Assets.xcassets */ = {isa = PBXFileReference; lastKnownFileType = folder.assetcatalog; path = Assets.xcassets; sourceTree = "<group>"; };
		6FA5754A232769AA00B687CF /* Base */ = {isa = PBXFileReference; lastKnownFileType = file.storyboard; name = Base; path = Base.lproj/LaunchScreen.storyboard; sourceTree = "<group>"; };
		6FA5754C232769AA00B687CF /* Info.plist */ = {isa = PBXFileReference; lastKnownFileType = text.plist.xml; path = Info.plist; sourceTree = "<group>"; };
		6FB4518123293E3600D84091 /* Nunito-ExtraLight.ttf */ = {isa = PBXFileReference; lastKnownFileType = file; path = "Nunito-ExtraLight.ttf"; sourceTree = "<group>"; };
		6FB4518323293E3E00D84091 /* Nunito-Regular.ttf */ = {isa = PBXFileReference; lastKnownFileType = file; path = "Nunito-Regular.ttf"; sourceTree = "<group>"; };
		6FB4518523293E5800D84091 /* Nunito-Light.ttf */ = {isa = PBXFileReference; lastKnownFileType = file; path = "Nunito-Light.ttf"; sourceTree = "<group>"; };
		6FC27A8B232FC85B00EA9E86 /* GoogleService-Info.plist */ = {isa = PBXFileReference; fileEncoding = 4; lastKnownFileType = text.plist.xml; path = "GoogleService-Info.plist"; sourceTree = "<group>"; };
		6FDBC39B233E97A800B71DFE /* CustomizedTabBar.swift */ = {isa = PBXFileReference; lastKnownFileType = sourcecode.swift; path = CustomizedTabBar.swift; sourceTree = "<group>"; };
		6FED8CEC234256DA008E689A /* CategoryViewController.swift */ = {isa = PBXFileReference; lastKnownFileType = sourcecode.swift; path = CategoryViewController.swift; sourceTree = "<group>"; };
		6FED8CEE234256E8008E689A /* ProfileViewController.swift */ = {isa = PBXFileReference; lastKnownFileType = sourcecode.swift; path = ProfileViewController.swift; sourceTree = "<group>"; };
		A50966C33CE60276921E89D3 /* Pods-GroceryApp.debug.xcconfig */ = {isa = PBXFileReference; includeInIndex = 1; lastKnownFileType = text.xcconfig; name = "Pods-GroceryApp.debug.xcconfig"; path = "Target Support Files/Pods-GroceryApp/Pods-GroceryApp.debug.xcconfig"; sourceTree = "<group>"; };
		CDD5CA7C60128ADA424C5B59 /* Pods_GroceryApp.framework */ = {isa = PBXFileReference; explicitFileType = wrapper.framework; includeInIndex = 0; path = Pods_GroceryApp.framework; sourceTree = BUILT_PRODUCTS_DIR; };
/* End PBXFileReference section */

/* Begin PBXFrameworksBuildPhase section */
		6FA5753A232769A900B687CF /* Frameworks */ = {
			isa = PBXFrameworksBuildPhase;
			buildActionMask = 2147483647;
			files = (
				4C767EA341C5320BD62CAFD4 /* Pods_GroceryApp.framework in Frameworks */,
			);
			runOnlyForDeploymentPostprocessing = 0;
		};
/* End PBXFrameworksBuildPhase section */

/* Begin PBXGroup section */
		6F653F8A2359E63A007675B2 /* ProductsScreen */ = {
			isa = PBXGroup;
			children = (
				6F653F8B2359E67D007675B2 /* ProductsTableViewController.swift */,
				6F653F8D2359E796007675B2 /* ProductTableViewCell.swift */,
				6F88C64A235A286C00E51E52 /* ProductDetailViewController.swift */,
			);
			path = ProductsScreen;
			sourceTree = "<group>";
		};
		6F8C9229232EDF9E001985D8 /* Onboading */ = {
			isa = PBXGroup;
			children = (
				6F35F2C923285F530058D984 /* OnBoarding.storyboard */,
				6F609B8C232BC75400216497 /* OnboardingContentViewController.swift */,
				6F609B8E232BC95700216497 /* OnboardingPageViewController.swift */,
				6F609B90232BD24600216497 /* OnboardingViewController.swift */,
			);
			path = Onboading;
			sourceTree = "<group>";
		};
		6F8C922A232EDFF1001985D8 /* LoginRegistration */ = {
			isa = PBXGroup;
			children = (
				6F8C922B232EE004001985D8 /* LoginViewController.swift */,
				6F8C922D232EE00F001985D8 /* RegistrationViewController.swift */,
				6F8C922F232EE783001985D8 /* ForgotPasswordViewController.swift */,
			);
			path = LoginRegistration;
			sourceTree = "<group>";
		};
		6F8C9231232EF5B0001985D8 /* Helpers */ = {
			isa = PBXGroup;
			children = (
				6F8C9232232EF5D5001985D8 /* FormValidation.swift */,
				6F1FFBDF233C68F4008744D8 /* Constants.swift */,
				6F1A3A582353835600F10722 /* API.swift */,
			);
			path = Helpers;
			sourceTree = "<group>";
		};
		6F93DF75234423B40096B0C6 /* Models */ = {
			isa = PBXGroup;
			children = (
				6F93DF76234423C20096B0C6 /* Category.swift */,
				6F93DF78234423CB0096B0C6 /* Product.swift */,
			);
			path = Models;
			sourceTree = "<group>";
		};
		6FA57534232769A900B687CF = {
			isa = PBXGroup;
			children = (
				6FB4518023293E1F00D84091 /* fonts */,
				6FA5753F232769A900B687CF /* GroceryApp */,
				6FA5753E232769A900B687CF /* Products */,
				BF172EB453B97DB25B7725F4 /* Pods */,
				C87016BC135C410B8ECAAA08 /* Frameworks */,
			);
			sourceTree = "<group>";
		};
		6FA5753E232769A900B687CF /* Products */ = {
			isa = PBXGroup;
			children = (
				6FA5753D232769A900B687CF /* GroceryApp.app */,
			);
			name = Products;
			sourceTree = "<group>";
		};
		6FA5753F232769A900B687CF /* GroceryApp */ = {
			isa = PBXGroup;
			children = (
				6F653F8A2359E63A007675B2 /* ProductsScreen */,
				6F93DF75234423B40096B0C6 /* Models */,
				6FED8CEB2342567F008E689A /* HomeScreen */,
				6FDBC398233E971700B71DFE /* New Group */,
				6F8C9231232EF5B0001985D8 /* Helpers */,
				6F8C922A232EDFF1001985D8 /* LoginRegistration */,
				6F8C9229232EDF9E001985D8 /* Onboading */,
				6FA57540232769A900B687CF /* AppDelegate.swift */,
				6FA57544232769A900B687CF /* Main.storyboard */,
				6FA57547232769AA00B687CF /* Assets.xcassets */,
				6FA57549232769AA00B687CF /* LaunchScreen.storyboard */,
				6FC27A8B232FC85B00EA9E86 /* GoogleService-Info.plist */,
				6FA5754C232769AA00B687CF /* Info.plist */,
			);
			path = GroceryApp;
			sourceTree = "<group>";
		};
		6FB4518023293E1F00D84091 /* fonts */ = {
			isa = PBXGroup;
			children = (
				6FB4518523293E5800D84091 /* Nunito-Light.ttf */,
				6FB4518323293E3E00D84091 /* Nunito-Regular.ttf */,
				6FB4518123293E3600D84091 /* Nunito-ExtraLight.ttf */,
			);
			path = fonts;
			sourceTree = "<group>";
		};
		6FDBC398233E971700B71DFE /* New Group */ = {
			isa = PBXGroup;
			children = (
				6FDBC39B233E97A800B71DFE /* CustomizedTabBar.swift */,
			);
			path = "New Group";
			sourceTree = "<group>";
		};
		6FED8CEB2342567F008E689A /* HomeScreen */ = {
			isa = PBXGroup;
			children = (
				6FA57542232769A900B687CF /* HomeViewController.swift */,
				6FED8CEC234256DA008E689A /* CategoryViewController.swift */,
				6FED8CEE234256E8008E689A /* ProfileViewController.swift */,
				6F11A3242346D4CD00D7CCF9 /* CategoryCollectionViewCell.swift */,
			);
			path = HomeScreen;
			sourceTree = "<group>";
		};
		BF172EB453B97DB25B7725F4 /* Pods */ = {
			isa = PBXGroup;
			children = (
				A50966C33CE60276921E89D3 /* Pods-GroceryApp.debug.xcconfig */,
				2CFF23D75CF702E56FD7658A /* Pods-GroceryApp.release.xcconfig */,
			);
			path = Pods;
			sourceTree = "<group>";
		};
		C87016BC135C410B8ECAAA08 /* Frameworks */ = {
			isa = PBXGroup;
			children = (
				CDD5CA7C60128ADA424C5B59 /* Pods_GroceryApp.framework */,
			);
			name = Frameworks;
			sourceTree = "<group>";
		};
/* End PBXGroup section */

/* Begin PBXNativeTarget section */
		6FA5753C232769A900B687CF /* GroceryApp */ = {
			isa = PBXNativeTarget;
			buildConfigurationList = 6FA5754F232769AA00B687CF /* Build configuration list for PBXNativeTarget "GroceryApp" */;
			buildPhases = (
				197DA335E09C6AB3402F6C4A /* [CP] Check Pods Manifest.lock */,
				6FA57539232769A900B687CF /* Sources */,
				6FA5753A232769A900B687CF /* Frameworks */,
				6FA5753B232769A900B687CF /* Resources */,
				AF99B94BA4CABDC443D1A0B3 /* [CP] Embed Pods Frameworks */,
			);
			buildRules = (
			);
			dependencies = (
			);
			name = GroceryApp;
			productName = GroceryApp;
			productReference = 6FA5753D232769A900B687CF /* GroceryApp.app */;
			productType = "com.apple.product-type.application";
		};
/* End PBXNativeTarget section */

/* Begin PBXProject section */
		6FA57535232769A900B687CF /* Project object */ = {
			isa = PBXProject;
			attributes = {
				LastSwiftUpdateCheck = 1030;
				LastUpgradeCheck = 1030;
				ORGANIZATIONNAME = "Utsav Dave";
				TargetAttributes = {
					6FA5753C232769A900B687CF = {
						CreatedOnToolsVersion = 10.3;
					};
				};
			};
			buildConfigurationList = 6FA57538232769A900B687CF /* Build configuration list for PBXProject "GroceryApp" */;
			compatibilityVersion = "Xcode 9.3";
			developmentRegion = en;
			hasScannedForEncodings = 0;
			knownRegions = (
				en,
				Base,
			);
			mainGroup = 6FA57534232769A900B687CF;
			productRefGroup = 6FA5753E232769A900B687CF /* Products */;
			projectDirPath = "";
			projectRoot = "";
			targets = (
				6FA5753C232769A900B687CF /* GroceryApp */,
			);
		};
/* End PBXProject section */

/* Begin PBXResourcesBuildPhase section */
		6FA5753B232769A900B687CF /* Resources */ = {
			isa = PBXResourcesBuildPhase;
			buildActionMask = 2147483647;
			files = (
				6FB4518423293E4300D84091 /* Nunito-Regular.ttf in Resources */,
				6FC27A8C232FC85B00EA9E86 /* GoogleService-Info.plist in Resources */,
				6FB4518623293E5800D84091 /* Nunito-Light.ttf in Resources */,
				6FA5754B232769AA00B687CF /* LaunchScreen.storyboard in Resources */,
				6FA57548232769AA00B687CF /* Assets.xcassets in Resources */,
				6FA57546232769A900B687CF /* Main.storyboard in Resources */,
				6F35F2CA23285F530058D984 /* OnBoarding.storyboard in Resources */,
				6FB4518223293E3600D84091 /* Nunito-ExtraLight.ttf in Resources */,
			);
			runOnlyForDeploymentPostprocessing = 0;
		};
/* End PBXResourcesBuildPhase section */

/* Begin PBXShellScriptBuildPhase section */
		197DA335E09C6AB3402F6C4A /* [CP] Check Pods Manifest.lock */ = {
			isa = PBXShellScriptBuildPhase;
			buildActionMask = 2147483647;
			files = (
			);
			inputFileListPaths = (
			);
			inputPaths = (
				"${PODS_PODFILE_DIR_PATH}/Podfile.lock",
				"${PODS_ROOT}/Manifest.lock",
			);
			name = "[CP] Check Pods Manifest.lock";
			outputFileListPaths = (
			);
			outputPaths = (
				"$(DERIVED_FILE_DIR)/Pods-GroceryApp-checkManifestLockResult.txt",
			);
			runOnlyForDeploymentPostprocessing = 0;
			shellPath = /bin/sh;
			shellScript = "diff \"${PODS_PODFILE_DIR_PATH}/Podfile.lock\" \"${PODS_ROOT}/Manifest.lock\" > /dev/null\nif [ $? != 0 ] ; then\n    # print error to STDERR\n    echo \"error: The sandbox is not in sync with the Podfile.lock. Run 'pod install' or update your CocoaPods installation.\" >&2\n    exit 1\nfi\n# This output is used by Xcode 'outputs' to avoid re-running this script phase.\necho \"SUCCESS\" > \"${SCRIPT_OUTPUT_FILE_0}\"\n";
			showEnvVarsInLog = 0;
		};
		AF99B94BA4CABDC443D1A0B3 /* [CP] Embed Pods Frameworks */ = {
			isa = PBXShellScriptBuildPhase;
			buildActionMask = 2147483647;
			files = (
			);
			inputFileListPaths = (
				"${PODS_ROOT}/Target Support Files/Pods-GroceryApp/Pods-GroceryApp-frameworks-${CONFIGURATION}-input-files.xcfilelist",
			);
			name = "[CP] Embed Pods Frameworks";
			outputFileListPaths = (
				"${PODS_ROOT}/Target Support Files/Pods-GroceryApp/Pods-GroceryApp-frameworks-${CONFIGURATION}-output-files.xcfilelist",
			);
			runOnlyForDeploymentPostprocessing = 0;
			shellPath = /bin/sh;
			shellScript = "\"${PODS_ROOT}/Target Support Files/Pods-GroceryApp/Pods-GroceryApp-frameworks.sh\"\n";
			showEnvVarsInLog = 0;
		};
/* End PBXShellScriptBuildPhase section */

/* Begin PBXSourcesBuildPhase section */
		6FA57539232769A900B687CF /* Sources */ = {
			isa = PBXSourcesBuildPhase;
			buildActionMask = 2147483647;
			files = (
				6F11A3252346D4CD00D7CCF9 /* CategoryCollectionViewCell.swift in Sources */,
				6FDBC39C233E97A800B71DFE /* CustomizedTabBar.swift in Sources */,
				6F88C64B235A286C00E51E52 /* ProductDetailViewController.swift in Sources */,
				6F8C9230232EE783001985D8 /* ForgotPasswordViewController.swift in Sources */,
				6F653F8E2359E796007675B2 /* ProductTableViewCell.swift in Sources */,
				6F93DF79234423CB0096B0C6 /* Product.swift in Sources */,
				6F8C922C232EE004001985D8 /* LoginViewController.swift in Sources */,
				6F609B8F232BC95700216497 /* OnboardingPageViewController.swift in Sources */,
				6FED8CED234256DA008E689A /* CategoryViewController.swift in Sources */,
				6FA57543232769A900B687CF /* HomeViewController.swift in Sources */,
				6F609B91232BD24600216497 /* OnboardingViewController.swift in Sources */,
				6F1FFBE0233C68F4008744D8 /* Constants.swift in Sources */,
				6F8C922E232EE00F001985D8 /* RegistrationViewController.swift in Sources */,
				6F8C9233232EF5D5001985D8 /* FormValidation.swift in Sources */,
				6FED8CEF234256E8008E689A /* ProfileViewController.swift in Sources */,
				6F653F8C2359E67D007675B2 /* ProductsTableViewController.swift in Sources */,
				6F609B8D232BC75400216497 /* OnboardingContentViewController.swift in Sources */,
				6FA57541232769A900B687CF /* AppDelegate.swift in Sources */,
				6F1A3A592353835600F10722 /* API.swift in Sources */,
				6F93DF77234423C20096B0C6 /* Category.swift in Sources */,
			);
			runOnlyForDeploymentPostprocessing = 0;
		};
/* End PBXSourcesBuildPhase section */

/* Begin PBXVariantGroup section */
		6FA57544232769A900B687CF /* Main.storyboard */ = {
			isa = PBXVariantGroup;
			children = (
				6FA57545232769A900B687CF /* Base */,
			);
			name = Main.storyboard;
			sourceTree = "<group>";
		};
		6FA57549232769AA00B687CF /* LaunchScreen.storyboard */ = {
			isa = PBXVariantGroup;
			children = (
				6FA5754A232769AA00B687CF /* Base */,
			);
			name = LaunchScreen.storyboard;
			sourceTree = "<group>";
		};
/* End PBXVariantGroup section */

/* Begin XCBuildConfiguration section */
		6FA5754D232769AA00B687CF /* Debug */ = {
			isa = XCBuildConfiguration;
			buildSettings = {
				ALWAYS_SEARCH_USER_PATHS = NO;
				CLANG_ANALYZER_NONNULL = YES;
				CLANG_ANALYZER_NUMBER_OBJECT_CONVERSION = YES_AGGRESSIVE;
				CLANG_CXX_LANGUAGE_STANDARD = "gnu++14";
				CLANG_CXX_LIBRARY = "libc++";
				CLANG_ENABLE_MODULES = YES;
				CLANG_ENABLE_OBJC_ARC = YES;
				CLANG_ENABLE_OBJC_WEAK = YES;
				CLANG_WARN_BLOCK_CAPTURE_AUTORELEASING = YES;
				CLANG_WARN_BOOL_CONVERSION = YES;
				CLANG_WARN_COMMA = YES;
				CLANG_WARN_CONSTANT_CONVERSION = YES;
				CLANG_WARN_DEPRECATED_OBJC_IMPLEMENTATIONS = YES;
				CLANG_WARN_DIRECT_OBJC_ISA_USAGE = YES_ERROR;
				CLANG_WARN_DOCUMENTATION_COMMENTS = YES;
				CLANG_WARN_EMPTY_BODY = YES;
				CLANG_WARN_ENUM_CONVERSION = YES;
				CLANG_WARN_INFINITE_RECURSION = YES;
				CLANG_WARN_INT_CONVERSION = YES;
				CLANG_WARN_NON_LITERAL_NULL_CONVERSION = YES;
				CLANG_WARN_OBJC_IMPLICIT_RETAIN_SELF = YES;
				CLANG_WARN_OBJC_LITERAL_CONVERSION = YES;
				CLANG_WARN_OBJC_ROOT_CLASS = YES_ERROR;
				CLANG_WARN_RANGE_LOOP_ANALYSIS = YES;
				CLANG_WARN_STRICT_PROTOTYPES = YES;
				CLANG_WARN_SUSPICIOUS_MOVE = YES;
				CLANG_WARN_UNGUARDED_AVAILABILITY = YES_AGGRESSIVE;
				CLANG_WARN_UNREACHABLE_CODE = YES;
				CLANG_WARN__DUPLICATE_METHOD_MATCH = YES;
				CODE_SIGN_IDENTITY = "iPhone Developer";
				COPY_PHASE_STRIP = NO;
				DEBUG_INFORMATION_FORMAT = dwarf;
				ENABLE_STRICT_OBJC_MSGSEND = YES;
				ENABLE_TESTABILITY = YES;
				GCC_C_LANGUAGE_STANDARD = gnu11;
				GCC_DYNAMIC_NO_PIC = NO;
				GCC_NO_COMMON_BLOCKS = YES;
				GCC_OPTIMIZATION_LEVEL = 0;
				GCC_PREPROCESSOR_DEFINITIONS = (
					"DEBUG=1",
					"$(inherited)",
				);
				GCC_WARN_64_TO_32_BIT_CONVERSION = YES;
				GCC_WARN_ABOUT_RETURN_TYPE = YES_ERROR;
				GCC_WARN_UNDECLARED_SELECTOR = YES;
				GCC_WARN_UNINITIALIZED_AUTOS = YES_AGGRESSIVE;
				GCC_WARN_UNUSED_FUNCTION = YES;
				GCC_WARN_UNUSED_VARIABLE = YES;
				IPHONEOS_DEPLOYMENT_TARGET = 12.4;
				MTL_ENABLE_DEBUG_INFO = INCLUDE_SOURCE;
				MTL_FAST_MATH = YES;
				ONLY_ACTIVE_ARCH = YES;
				SDKROOT = iphoneos;
				SWIFT_ACTIVE_COMPILATION_CONDITIONS = DEBUG;
				SWIFT_OPTIMIZATION_LEVEL = "-Onone";
			};
			name = Debug;
		};
		6FA5754E232769AA00B687CF /* Release */ = {
			isa = XCBuildConfiguration;
			buildSettings = {
				ALWAYS_SEARCH_USER_PATHS = NO;
				CLANG_ANALYZER_NONNULL = YES;
				CLANG_ANALYZER_NUMBER_OBJECT_CONVERSION = YES_AGGRESSIVE;
				CLANG_CXX_LANGUAGE_STANDARD = "gnu++14";
				CLANG_CXX_LIBRARY = "libc++";
				CLANG_ENABLE_MODULES = YES;
				CLANG_ENABLE_OBJC_ARC = YES;
				CLANG_ENABLE_OBJC_WEAK = YES;
				CLANG_WARN_BLOCK_CAPTURE_AUTORELEASING = YES;
				CLANG_WARN_BOOL_CONVERSION = YES;
				CLANG_WARN_COMMA = YES;
				CLANG_WARN_CONSTANT_CONVERSION = YES;
				CLANG_WARN_DEPRECATED_OBJC_IMPLEMENTATIONS = YES;
				CLANG_WARN_DIRECT_OBJC_ISA_USAGE = YES_ERROR;
				CLANG_WARN_DOCUMENTATION_COMMENTS = YES;
				CLANG_WARN_EMPTY_BODY = YES;
				CLANG_WARN_ENUM_CONVERSION = YES;
				CLANG_WARN_INFINITE_RECURSION = YES;
				CLANG_WARN_INT_CONVERSION = YES;
				CLANG_WARN_NON_LITERAL_NULL_CONVERSION = YES;
				CLANG_WARN_OBJC_IMPLICIT_RETAIN_SELF = YES;
				CLANG_WARN_OBJC_LITERAL_CONVERSION = YES;
				CLANG_WARN_OBJC_ROOT_CLASS = YES_ERROR;
				CLANG_WARN_RANGE_LOOP_ANALYSIS = YES;
				CLANG_WARN_STRICT_PROTOTYPES = YES;
				CLANG_WARN_SUSPICIOUS_MOVE = YES;
				CLANG_WARN_UNGUARDED_AVAILABILITY = YES_AGGRESSIVE;
				CLANG_WARN_UNREACHABLE_CODE = YES;
				CLANG_WARN__DUPLICATE_METHOD_MATCH = YES;
				CODE_SIGN_IDENTITY = "iPhone Developer";
				COPY_PHASE_STRIP = NO;
				DEBUG_INFORMATION_FORMAT = "dwarf-with-dsym";
				ENABLE_NS_ASSERTIONS = NO;
				ENABLE_STRICT_OBJC_MSGSEND = YES;
				GCC_C_LANGUAGE_STANDARD = gnu11;
				GCC_NO_COMMON_BLOCKS = YES;
				GCC_WARN_64_TO_32_BIT_CONVERSION = YES;
				GCC_WARN_ABOUT_RETURN_TYPE = YES_ERROR;
				GCC_WARN_UNDECLARED_SELECTOR = YES;
				GCC_WARN_UNINITIALIZED_AUTOS = YES_AGGRESSIVE;
				GCC_WARN_UNUSED_FUNCTION = YES;
				GCC_WARN_UNUSED_VARIABLE = YES;
				IPHONEOS_DEPLOYMENT_TARGET = 12.4;
				MTL_ENABLE_DEBUG_INFO = NO;
				MTL_FAST_MATH = YES;
				SDKROOT = iphoneos;
				SWIFT_COMPILATION_MODE = wholemodule;
				SWIFT_OPTIMIZATION_LEVEL = "-O";
				VALIDATE_PRODUCT = YES;
			};
			name = Release;
		};
		6FA57550232769AA00B687CF /* Debug */ = {
			isa = XCBuildConfiguration;
			baseConfigurationReference = A50966C33CE60276921E89D3 /* Pods-GroceryApp.debug.xcconfig */;
			buildSettings = {
				ASSETCATALOG_COMPILER_APPICON_NAME = AppIcon;
				CODE_SIGN_STYLE = Automatic;
				DEVELOPMENT_TEAM = 5TQX3KZ655;
				INFOPLIST_FILE = GroceryApp/Info.plist;
				LD_RUNPATH_SEARCH_PATHS = (
					"$(inherited)",
					"@executable_path/Frameworks",
				);
				PRODUCT_BUNDLE_IDENTIFIER = ca.stclaircollege.utsavdave.GroceryApp;
				PRODUCT_NAME = "$(TARGET_NAME)";
				SWIFT_VERSION = 5.0;
				TARGETED_DEVICE_FAMILY = "1,2";
			};
			name = Debug;
		};
		6FA57551232769AA00B687CF /* Release */ = {
			isa = XCBuildConfiguration;
			baseConfigurationReference = 2CFF23D75CF702E56FD7658A /* Pods-GroceryApp.release.xcconfig */;
			buildSettings = {
				ASSETCATALOG_COMPILER_APPICON_NAME = AppIcon;
				CODE_SIGN_STYLE = Automatic;
				DEVELOPMENT_TEAM = 5TQX3KZ655;
				INFOPLIST_FILE = GroceryApp/Info.plist;
				LD_RUNPATH_SEARCH_PATHS = (
					"$(inherited)",
					"@executable_path/Frameworks",
				);
				PRODUCT_BUNDLE_IDENTIFIER = ca.stclaircollege.utsavdave.GroceryApp;
				PRODUCT_NAME = "$(TARGET_NAME)";
				SWIFT_VERSION = 5.0;
				TARGETED_DEVICE_FAMILY = "1,2";
			};
			name = Release;
		};
/* End XCBuildConfiguration section */

/* Begin XCConfigurationList section */
		6FA57538232769A900B687CF /* Build configuration list for PBXProject "GroceryApp" */ = {
			isa = XCConfigurationList;
			buildConfigurations = (
				6FA5754D232769AA00B687CF /* Debug */,
				6FA5754E232769AA00B687CF /* Release */,
			);
			defaultConfigurationIsVisible = 0;
			defaultConfigurationName = Release;
		};
		6FA5754F232769AA00B687CF /* Build configuration list for PBXNativeTarget "GroceryApp" */ = {
			isa = XCConfigurationList;
			buildConfigurations = (
				6FA57550232769AA00B687CF /* Debug */,
				6FA57551232769AA00B687CF /* Release */,
			);
			defaultConfigurationIsVisible = 0;
			defaultConfigurationName = Release;
		};
/* End XCConfigurationList section */
	};
	rootObject = 6FA57535232769A900B687CF /* Project object */;
}
